
Microsoft Visual Studio Solution File, Format Version 12.00
# Visual Studio 15
VisualStudioVersion = 15.0.27130.2036
MinimumVisualStudioVersion = 10.0.40219.1
Project("{FAE04EC0-301F-11D3-BF4B-00C04F79EFBC}") = "LiteDbApp.Android", "LiteDbApp\LiteDbApp.Android\LiteDbApp.Android.csproj", "{CB4E05BB-7FA3-45BF-970B-98735CF74369}"
EndProject
Project("{FAE04EC0-301F-11D3-BF4B-00C04F79EFBC}") = "LiteDbApp.iOS", "LiteDbApp\LiteDbApp.iOS\LiteDbApp.iOS.csproj", "{6697B47C-6FA0-410F-B62F-3BAF33221964}"
EndProject
Project("{FAE04EC0-301F-11D3-BF4B-00C04F79EFBC}") = "LiteDbApp", "LiteDbApp\LiteDbApp\LiteDbApp.csproj", "{9A70BB79-C748-4055-A82C-80FD7BBD9870}"
EndProject
Global
	GlobalSection(SolutionConfigurationPlatforms) = preSolution
		Ad-Hoc|Any CPU = Ad-Hoc|Any CPU
		Ad-Hoc|iPhone = Ad-Hoc|iPhone
		Ad-Hoc|iPhoneSimulator = Ad-Hoc|iPhoneSimulator
		AppStore|Any CPU = AppStore|Any CPU
		AppStore|iPhone = AppStore|iPhone
		AppStore|iPhoneSimulator = AppStore|iPhoneSimulator
		Debug|Any CPU = Debug|Any CPU
		Debug|iPhone = Debug|iPhone
		Debug|iPhoneSimulator = Debug|iPhoneSimulator
		Release|Any CPU = Release|Any CPU
		Release|iPhone = Release|iPhone
		Release|iPhoneSimulator = Release|iPhoneSimulator
	EndGlobalSection
	GlobalSection(ProjectConfigurationPlatforms) = postSolution
		{CB4E05BB-7FA3-45BF-970B-98735CF74369}.Ad-Hoc|Any CPU.ActiveCfg = Release|Any CPU
		{CB4E05BB-7FA3-45BF-970B-98735CF74369}.Ad-Hoc|Any CPU.Build.0 = Release|Any CPU
		{CB4E05BB-7FA3-45BF-970B-98735CF74369}.Ad-Hoc|Any CPU.Deploy.0 = Release|Any CPU
		{CB4E05BB-7FA3-45BF-970B-98735CF74369}.Ad-Hoc|iPhone.ActiveCfg = Release|Any CPU
		{CB4E05BB-7FA3-45BF-970B-98735CF74369}.Ad-Hoc|iPhone.Build.0 = Release|Any CPU
		{CB4E05BB-7FA3-45BF-970B-98735CF74369}.Ad-Hoc|iPhone.Deploy.0 = Release|Any CPU
		{CB4E05BB-7FA3-45BF-970B-98735CF74369}.Ad-Hoc|iPhoneSimulator.ActiveCfg = Release|Any CPU
		{CB4E05BB-7FA3-45BF-970B-98735CF74369}.Ad-Hoc|iPhoneSimulator.Build.0 = Release|Any CPU
		{CB4E05BB-7FA3-45BF-970B-98735CF74369}.Ad-Hoc|iPhoneSimulator.Deploy.0 = Release|Any CPU
		{CB4E05BB-7FA3-45BF-970B-98735CF74369}.AppStore|Any CPU.ActiveCfg = Release|Any CPU
		{CB4E05BB-7FA3-45BF-970B-98735CF74369}.AppStore|Any CPU.Build.0 = Release|Any CPU
		{CB4E05BB-7FA3-45BF-970B-98735CF74369}.AppStore|Any CPU.Deploy.0 = Release|Any CPU
		{CB4E05BB-7FA3-45BF-970B-98735CF74369}.AppStore|iPhone.ActiveCfg = Release|Any CPU
		{CB4E05BB-7FA3-45BF-970B-98735CF74369}.AppStore|iPhone.Build.0 = Release|Any CPU
		{CB4E05BB-7FA3-45BF-970B-98735CF74369}.AppStore|iPhone.Deploy.0 = Release|Any CPU
		{CB4E05BB-7FA3-45BF-970B-98735CF74369}.AppStore|iPhoneSimulator.ActiveCfg = Release|Any CPU
		{CB4E05BB-7FA3-45BF-970B-98735CF74369}.AppStore|iPhoneSimulator.Build.0 = Release|Any CPU
		{CB4E05BB-7FA3-45BF-970B-98735CF74369}.AppStore|iPhoneSimulator.Deploy.0 = Release|Any CPU
		{CB4E05BB-7FA3-45BF-970B-98735CF74369}.Debug|Any CPU.ActiveCfg = Debug|Any CPU
		{CB4E05BB-7FA3-45BF-970B-98735CF74369}.Debug|Any CPU.Build.0 = Debug|Any CPU
		{CB4E05BB-7FA3-45BF-970B-98735CF74369}.Debug|Any CPU.Deploy.0 = Debug|Any CPU
		{CB4E05BB-7FA3-45BF-970B-98735CF74369}.Debug|iPhone.ActiveCfg = Debug|Any CPU
		{CB4E05BB-7FA3-45BF-970B-98735CF74369}.Debug|iPhone.Build.0 = Debug|Any CPU
		{CB4E05BB-7FA3-45BF-970B-98735CF74369}.Debug|iPhone.Deploy.0 = Debug|Any CPU
		{CB4E05BB-7FA3-45BF-970B-98735CF74369}.Debug|iPhoneSimulator.ActiveCfg = Debug|Any CPU
		{CB4E05BB-7FA3-45BF-970B-98735CF74369}.Debug|iPhoneSimulator.Build.0 = Debug|Any CPU
		{CB4E05BB-7FA3-45BF-970B-98735CF74369}.Debug|iPhoneSimulator.Deploy.0 = Debug|Any CPU
		{CB4E05BB-7FA3-45BF-970B-98735CF74369}.Release|Any CPU.ActiveCfg = Release|Any CPU
		{CB4E05BB-7FA3-45BF-970B-98735CF74369}.Release|Any CPU.Build.0 = Release|Any CPU
		{CB4E05BB-7FA3-45BF-970B-98735CF74369}.Release|Any CPU.Deploy.0 = Release|Any CPU
		{CB4E05BB-7FA3-45BF-970B-98735CF74369}.Release|iPhone.ActiveCfg = Release|Any CPU
		{CB4E05BB-7FA3-45BF-970B-98735CF74369}.Release|iPhone.Build.0 = Release|Any CPU
		{CB4E05BB-7FA3-45BF-970B-98735CF74369}.Release|iPhone.Deploy.0 = Release|Any CPU
		{CB4E05BB-7FA3-45BF-970B-98735CF74369}.Release|iPhoneSimulator.ActiveCfg = Release|Any CPU
		{CB4E05BB-7FA3-45BF-970B-98735CF74369}.Release|iPhoneSimulator.Build.0 = Release|Any CPU
		{CB4E05BB-7FA3-45BF-970B-98735CF74369}.Release|iPhoneSimulator.Deploy.0 = Release|Any CPU
		{6697B47C-6FA0-410F-B62F-3BAF33221964}.Ad-Hoc|Any CPU.ActiveCfg = Ad-Hoc|iPhone
		{6697B47C-6FA0-410F-B62F-3BAF33221964}.Ad-Hoc|iPhone.ActiveCfg = Ad-Hoc|iPhone
		{6697B47C-6FA0-410F-B62F-3BAF33221964}.Ad-Hoc|iPhone.Build.0 = Ad-Hoc|iPhone
		{6697B47C-6FA0-410F-B62F-3BAF33221964}.Ad-Hoc|iPhoneSimulator.ActiveCfg = Ad-Hoc|iPhoneSimulator
		{6697B47C-6FA0-410F-B62F-3BAF33221964}.Ad-Hoc|iPhoneSimulator.Build.0 = Ad-Hoc|iPhoneSimulator
		{6697B47C-6FA0-410F-B62F-3BAF33221964}.AppStore|Any CPU.ActiveCfg = AppStore|iPhone
		{6697B47C-6FA0-410F-B62F-3BAF33221964}.AppStore|iPhone.ActiveCfg = AppStore|iPhone
		{6697B47C-6FA0-410F-B62F-3BAF33221964}.AppStore|iPhone.Build.0 = AppStore|iPhone
		{6697B47C-6FA0-410F-B62F-3BAF33221964}.AppStore|iPhoneSimulator.ActiveCfg = AppStore|iPhoneSimulator
		{6697B47C-6FA0-410F-B62F-3BAF33221964}.AppStore|iPhoneSimulator.Build.0 = AppStore|iPhoneSimulator
		{6697B47C-6FA0-410F-B62F-3BAF33221964}.Debug|Any CPU.ActiveCfg = Debug|iPhone
		{6697B47C-6FA0-410F-B62F-3BAF33221964}.Debug|iPhone.ActiveCfg = Debug|iPhone
		{6697B47C-6FA0-410F-B62F-3BAF33221964}.Debug|iPhone.Build.0 = Debug|iPhone
		{6697B47C-6FA0-410F-B62F-3BAF33221964}.Debug|iPhoneSimulator.ActiveCfg = Debug|iPhoneSimulator
		{6697B47C-6FA0-410F-B62F-3BAF33221964}.Debug|iPhoneSimulator.Build.0 = Debug|iPhoneSimulator
		{6697B47C-6FA0-410F-B62F-3BAF33221964}.Release|Any CPU.ActiveCfg = Release|iPhone
		{6697B47C-6FA0-410F-B62F-3BAF33221964}.Release|iPhone.ActiveCfg = Release|iPhone
		{6697B47C-6FA0-410F-B62F-3BAF33221964}.Release|iPhone.Build.0 = Release|iPhone
		{6697B47C-6FA0-410F-B62F-3BAF33221964}.Release|iPhoneSimulator.ActiveCfg = Release|iPhoneSimulator
		{6697B47C-6FA0-410F-B62F-3BAF33221964}.Release|iPhoneSimulator.Build.0 = Release|iPhoneSimulator
		{9A70BB79-C748-4055-A82C-80FD7BBD9870}.Ad-Hoc|Any CPU.ActiveCfg = Debug|Any CPU
		{9A70BB79-C748-4055-A82C-80FD7BBD9870}.Ad-Hoc|Any CPU.Build.0 = Debug|Any CPU
		{9A70BB79-C748-4055-A82C-80FD7BBD9870}.Ad-Hoc|iPhone.ActiveCfg = Debug|Any CPU
		{9A70BB79-C748-4055-A82C-80FD7BBD9870}.Ad-Hoc|iPhone.Build.0 = Debug|Any CPU
		{9A70BB79-C748-4055-A82C-80FD7BBD9870}.Ad-Hoc|iPhoneSimulator.ActiveCfg = Debug|Any CPU
		{9A70BB79-C748-4055-A82C-80FD7BBD9870}.Ad-Hoc|iPhoneSimulator.Build.0 = Debug|Any CPU
		{9A70BB79-C748-4055-A82C-80FD7BBD9870}.AppStore|Any CPU.ActiveCfg = Debug|Any CPU
		{9A70BB79-C748-4055-A82C-80FD7BBD9870}.AppStore|Any CPU.Build.0 = Debug|Any CPU
		{9A70BB79-C748-4055-A82C-80FD7BBD9870}.AppStore|iPhone.ActiveCfg = Debug|Any CPU
		{9A70BB79-C748-4055-A82C-80FD7BBD9870}.AppStore|iPhone.Build.0 = Debug|Any CPU
		{9A70BB79-C748-4055-A82C-80FD7BBD9870}.AppStore|iPhoneSimulator.ActiveCfg = Debug|Any CPU
		{9A70BB79-C748-4055-A82C-80FD7BBD9870}.AppStore|iPhoneSimulator.Build.0 = Debug|Any CPU
		{9A70BB79-C748-4055-A82C-80FD7BBD9870}.Debug|Any CPU.ActiveCfg = Debug|Any CPU
		{9A70BB79-C748-4055-A82C-80FD7BBD9870}.Debug|Any CPU.Build.0 = Debug|Any CPU
		{9A70BB79-C748-4055-A82C-80FD7BBD9870}.Debug|iPhone.ActiveCfg = Debug|Any CPU
		{9A70BB79-C748-4055-A82C-80FD7BBD9870}.Debug|iPhone.Build.0 = Debug|Any CPU
		{9A70BB79-C748-4055-A82C-80FD7BBD9870}.Debug|iPhoneSimulator.ActiveCfg = Debug|Any CPU
		{9A70BB79-C748-4055-A82C-80FD7BBD9870}.Debug|iPhoneSimulator.Build.0 = Debug|Any CPU
		{9A70BB79-C748-4055-A82C-80FD7BBD9870}.Release|Any CPU.ActiveCfg = Release|Any CPU
		{9A70BB79-C748-4055-A82C-80FD7BBD9870}.Release|Any CPU.Build.0 = Release|Any CPU
		{9A70BB79-C748-4055-A82C-80FD7BBD9870}.Release|iPhone.ActiveCfg = Release|Any CPU
		{9A70BB79-C748-4055-A82C-80FD7BBD9870}.Release|iPhone.Build.0 = Release|Any CPU
		{9A70BB79-C748-4055-A82C-80FD7BBD9870}.Release|iPhoneSimulator.ActiveCfg = Release|Any CPU
		{9A70BB79-C748-4055-A82C-80FD7BBD9870}.Release|iPhoneSimulator.Build.0 = Release|Any CPU
	EndGlobalSection
	GlobalSection(SolutionProperties) = preSolution
		HideSolutionNode = FALSE
	EndGlobalSection
	GlobalSection(ExtensibilityGlobals) = postSolution
		SolutionGuid = {DF775E69-B884-4644-A480-F7EC58C6CEDC}
	EndGlobalSection
EndGlobal
